
Microsoft Visual Studio Solution File, Format Version 12.00
# Visual Studio 15
VisualStudioVersion = 15.0.28307.438
MinimumVisualStudioVersion = 10.0.40219.1
Project("{FAE04EC0-301F-11D3-BF4B-00C04F79EFBC}") = "OtobusParaHesap", "OtobusParaHesap\OtobusParaHesap.csproj", "{3E0BC2BE-FE84-423C-9AA9-0320EB18B37A}"
EndProject
Global
	GlobalSection(SolutionConfigurationPlatforms) = preSolution
		Debug|Any CPU = Debug|Any CPU
		Release|Any CPU = Release|Any CPU
	EndGlobalSection
	GlobalSection(ProjectConfigurationPlatforms) = postSolution
		{3E0BC2BE-FE84-423C-9AA9-0320EB18B37A}.Debug|Any CPU.ActiveCfg = Debug|Any CPU
		{3E0BC2BE-FE84-423C-9AA9-0320EB18B37A}.Debug|Any CPU.Build.0 = Debug|Any CPU
		{3E0BC2BE-FE84-423C-9AA9-0320EB18B37A}.Release|Any CPU.ActiveCfg = Release|Any CPU
		{3E0BC2BE-FE84-423C-9AA9-0320EB18B37A}.Release|Any CPU.Build.0 = Release|Any CPU
	EndGlobalSection
	GlobalSection(SolutionProperties) = preSolution
		HideSolutionNode = FALSE
	EndGlobalSection
	GlobalSection(ExtensibilityGlobals) = postSolution
		SolutionGuid = {4970CB02-10FC-4B6B-84C0-DD566B98420D}
	EndGlobalSection
EndGlobal
